<?xml version="1.0" encoding="UTF-8" standalone="yes" ?>
<CodeBlocks_project_file>
	<FileVersion major="1" minor="6" />
	<Project>
		<Option title="libxaos-core" />
		<Option pch_mode="2" />
		<Option compiler="gcc" />
		<Build>
			<Target title="Debug_x86">
				<Option output="bin/Debug_x86/xaos-core" prefix_auto="1" extension_auto="1" />
				<Option working_dir="" />
				<Option object_output="obj/Debug_x86/" />
				<Option type="2" />
				<Option compiler="gcc" />
				<Option createDefFile="1" />
				<Compiler>
					<Add option="-Wall" />
					<Add option="-pg" />
					<Add option="-m32" />
					<Add option="-g" />
				</Compiler>
				<Linker>
					<Add option="-pg" />
					<Add option="-m32" />
				</Linker>
			</Target>
			<Target title="Release_x86">
				<Option output="bin/Release_x86/xaos-core" prefix_auto="1" extension_auto="1" />
				<Option working_dir="" />
				<Option object_output="obj/Release_x86/" />
				<Option type="2" />
				<Option compiler="gcc" />
				<Option createDefFile="1" />
				<Compiler>
					<Add option="-fomit-frame-pointer" />
					<Add option="-fexpensive-optimizations" />
					<Add option="-O3" />
					<Add option="-m32" />
				</Compiler>
				<Linker>
					<Add option="-s" />
					<Add option="-m32" />
				</Linker>
			</Target>
			<Target title="Debug_x86_64">
				<Option output="bin/Debug_x86_64/xaos-core" prefix_auto="1" extension_auto="1" />
				<Option working_dir="" />
				<Option object_output="obj/Debug_x86_64/" />
				<Option type="2" />
				<Option compiler="gcc" />
				<Option createDefFile="1" />
				<Compiler>
					<Add option="-Wall" />
					<Add option="-pg" />
					<Add option="-m64" />
					<Add option="-g" />
				</Compiler>
				<Linker>
					<Add option="-pg" />
					<Add option="-m64" />
				</Linker>
			</Target>
			<Target title="Release_x86_64">
				<Option output="bin/Release_x86_64/xaos-core" prefix_auto="1" extension_auto="1" />
				<Option working_dir="" />
				<Option object_output="obj/Release_x86_64/" />
				<Option type="2" />
				<Option compiler="gcc" />
				<Option createDefFile="1" />
				<Compiler>
					<Add option="-fomit-frame-pointer" />
					<Add option="-fexpensive-optimizations" />
					<Add option="-O3" />
					<Add option="-m64" />
				</Compiler>
				<Linker>
					<Add option="-s" />
					<Add option="-m64" />
				</Linker>
			</Target>
		</Build>
		<VirtualTargets>
			<Add alias="ALL" targets="Debug_x86;Release_x86;Debug_x86_64;Release_x86_64;" />
		</VirtualTargets>
		<Compiler>
			<Add option="-Wnon-virtual-dtor" />
			<Add option="-Wshadow" />
			<Add option="-Winit-self" />
			<Add option="-Wredundant-decls" />
			<Add option="-Wcast-align" />
			<Add option="-Wundef" />
			<Add option="-Wfloat-equal" />
			<Add option="-Winline" />
			<Add option="-Wunreachable-code" />
			<Add option="-Wmissing-declarations" />
			<Add option="-Wmissing-include-dirs" />
			<Add option="-Wswitch-enum" />
			<Add option="-Wswitch-default" />
			<Add option="-Weffc++" />
			<Add option="-Wzero-as-null-pointer-constant" />
			<Add option="-Wmain" />
			<Add option="-pedantic-errors" />
			<Add option="-pedantic" />
			<Add option="-Wfatal-errors" />
			<Add option="-Wextra" />
			<Add option="-Wall" />
			<Add option="-std=c++11" />
			<Add directory="interface" />
		</Compiler>
		<Unit filename="implementation/strings/HashedString.cpp" />
		<Unit filename="implementation/strings/PooledString.cpp" />
		<Unit filename="implementation/strings/StringPool.cpp" />
		<Unit filename="implementation/timing/Stopwatch.cpp" />
		<Unit filename="interface/memory/allocator/Allocator.h" />
		<Unit filename="interface/memory/allocator/impl/BlockAllocator.h" />
		<Unit filename="interface/memory/allocator/impl/FixedSizeAllocator.h" />
		<Unit filename="interface/memory/allocator/impl/NativeAllocator.h" />
		<Unit filename="interface/memory/memory.h" />
		<Unit filename="interface/memory/store/IStore.h" />
		<Unit filename="interface/memory/store/impl/DynamicStore.h" />
		<Unit filename="interface/memory/store/impl/StaticStore-tpp.h" />
		<Unit filename="interface/memory/store/impl/StaticStore.h" />
		<Unit filename="interface/memory/utility/alignment.h" />
		<Unit filename="interface/pointers/IndirectArrayPointer.h" />
		<Unit filename="interface/pointers/IndirectPointer.h" />
		<Unit filename="interface/pointers/__internal__/ControlBlock-tpp.h" />
		<Unit filename="interface/pointers/__internal__/ControlBlock.h" />
		<Unit filename="interface/pointers/shared_pointers-tpp.h" />
		<Unit filename="interface/pointers/shared_pointers.h" />
		<Unit filename="interface/strings/HashedString-inl.h" />
		<Unit filename="interface/strings/HashedString.h" />
		<Unit filename="interface/strings/PooledString-inl.h" />
		<Unit filename="interface/strings/PooledString.h" />
		<Unit filename="interface/strings/StringPool.h" />
		<Unit filename="interface/timing/Clock-inl.h" />
		<Unit filename="interface/timing/Clock.h" />
		<Unit filename="interface/timing/Stopwatch-inl.h" />
		<Unit filename="interface/timing/Stopwatch.h" />
		<Unit filename="interface/utility/cpu.h" />
		<Extensions>
			<code_completion />
			<debugger />
		</Extensions>
	</Project>
</CodeBlocks_project_file>
